
Microsoft Visual Studio Solution File, Format Version 12.00
# Visual Studio Version 17
VisualStudioVersion = 17.11.35303.130
MinimumVisualStudioVersion = 10.0.40219.1
Project("{FAE04EC0-301F-11D3-BF4B-00C04F79EFBC}") = "Semaphore", "Semaphore\Semaphore.csproj", "{9C53AF89-B2A0-4FDC-89E6-F410724CCED9}"
EndProject
Global
	GlobalSection(SolutionConfigurationPlatforms) = preSolution
		Debug|Any CPU = Debug|Any CPU
		Release|Any CPU = Release|Any CPU
	EndGlobalSection
	GlobalSection(ProjectConfigurationPlatforms) = postSolution
		{9C53AF89-B2A0-4FDC-89E6-F410724CCED9}.Debug|Any CPU.ActiveCfg = Debug|Any CPU
		{9C53AF89-B2A0-4FDC-89E6-F410724CCED9}.Debug|Any CPU.Build.0 = Debug|Any CPU
		{9C53AF89-B2A0-4FDC-89E6-F410724CCED9}.Release|Any CPU.ActiveCfg = Release|Any CPU
		{9C53AF89-B2A0-4FDC-89E6-F410724CCED9}.Release|Any CPU.Build.0 = Release|Any CPU
	EndGlobalSection
	GlobalSection(SolutionProperties) = preSolution
		HideSolutionNode = FALSE
	EndGlobalSection
	GlobalSection(ExtensibilityGlobals) = postSolution
		SolutionGuid = {614C714A-3DFA-4794-B47F-A709C6754A0A}
	EndGlobalSection
EndGlobal
